
Microsoft Visual Studio Solution File, Format Version 12.00
# Visual Studio Version 17
VisualStudioVersion = 17.1.32407.343
MinimumVisualStudioVersion = 10.0.40219.1
Project("{FAE04EC0-301F-11D3-BF4B-00C04F79EFBC}") = "BackupNow.DataAccess", "BackupNow.DataAccess\BackupNow.DataAccess.csproj", "{68AA3DAF-5E4B-4338-ABE8-78B7F74BAC4F}"
EndProject
Project("{FAE04EC0-301F-11D3-BF4B-00C04F79EFBC}") = "BackupNow.Model", "BackupNow.Model\BackupNow.Model.csproj", "{75F90568-758D-4779-BDAB-ED1C3E3E9161}"
EndProject
Project("{FAE04EC0-301F-11D3-BF4B-00C04F79EFBC}") = "Updater", "Updater\Updater.csproj", "{A9AA7335-4030-40DC-B2B8-3EA813D9C566}"
EndProject
Project("{FAE04EC0-301F-11D3-BF4B-00C04F79EFBC}") = "BackupNow", "BackupNow\BackupNow.csproj", "{A6796911-9426-4FFB-AF33-C244F6D54143}"
EndProject
Global
	GlobalSection(SolutionConfigurationPlatforms) = preSolution
		Debug|Any CPU = Debug|Any CPU
		Debug|ARM = Debug|ARM
		Debug|ARM64 = Debug|ARM64
		Debug|x64 = Debug|x64
		Debug|x86 = Debug|x86
		Release|Any CPU = Release|Any CPU
		Release|ARM = Release|ARM
		Release|ARM64 = Release|ARM64
		Release|x64 = Release|x64
		Release|x86 = Release|x86
	EndGlobalSection
	GlobalSection(ProjectConfigurationPlatforms) = postSolution
		{68AA3DAF-5E4B-4338-ABE8-78B7F74BAC4F}.Debug|Any CPU.ActiveCfg = Debug|Any CPU
		{68AA3DAF-5E4B-4338-ABE8-78B7F74BAC4F}.Debug|Any CPU.Build.0 = Debug|Any CPU
		{68AA3DAF-5E4B-4338-ABE8-78B7F74BAC4F}.Debug|ARM.ActiveCfg = Debug|Any CPU
		{68AA3DAF-5E4B-4338-ABE8-78B7F74BAC4F}.Debug|ARM.Build.0 = Debug|Any CPU
		{68AA3DAF-5E4B-4338-ABE8-78B7F74BAC4F}.Debug|ARM64.ActiveCfg = Debug|Any CPU
		{68AA3DAF-5E4B-4338-ABE8-78B7F74BAC4F}.Debug|ARM64.Build.0 = Debug|Any CPU
		{68AA3DAF-5E4B-4338-ABE8-78B7F74BAC4F}.Debug|x64.ActiveCfg = Debug|Any CPU
		{68AA3DAF-5E4B-4338-ABE8-78B7F74BAC4F}.Debug|x64.Build.0 = Debug|Any CPU
		{68AA3DAF-5E4B-4338-ABE8-78B7F74BAC4F}.Debug|x86.ActiveCfg = Debug|Any CPU
		{68AA3DAF-5E4B-4338-ABE8-78B7F74BAC4F}.Debug|x86.Build.0 = Debug|Any CPU
		{68AA3DAF-5E4B-4338-ABE8-78B7F74BAC4F}.Release|Any CPU.ActiveCfg = Release|Any CPU
		{68AA3DAF-5E4B-4338-ABE8-78B7F74BAC4F}.Release|Any CPU.Build.0 = Release|Any CPU
		{68AA3DAF-5E4B-4338-ABE8-78B7F74BAC4F}.Release|ARM.ActiveCfg = Release|Any CPU
		{68AA3DAF-5E4B-4338-ABE8-78B7F74BAC4F}.Release|ARM.Build.0 = Release|Any CPU
		{68AA3DAF-5E4B-4338-ABE8-78B7F74BAC4F}.Release|ARM64.ActiveCfg = Release|Any CPU
		{68AA3DAF-5E4B-4338-ABE8-78B7F74BAC4F}.Release|ARM64.Build.0 = Release|Any CPU
		{68AA3DAF-5E4B-4338-ABE8-78B7F74BAC4F}.Release|x64.ActiveCfg = Release|Any CPU
		{68AA3DAF-5E4B-4338-ABE8-78B7F74BAC4F}.Release|x64.Build.0 = Release|Any CPU
		{68AA3DAF-5E4B-4338-ABE8-78B7F74BAC4F}.Release|x86.ActiveCfg = Release|Any CPU
		{68AA3DAF-5E4B-4338-ABE8-78B7F74BAC4F}.Release|x86.Build.0 = Release|Any CPU
		{75F90568-758D-4779-BDAB-ED1C3E3E9161}.Debug|Any CPU.ActiveCfg = Debug|Any CPU
		{75F90568-758D-4779-BDAB-ED1C3E3E9161}.Debug|Any CPU.Build.0 = Debug|Any CPU
		{75F90568-758D-4779-BDAB-ED1C3E3E9161}.Debug|ARM.ActiveCfg = Debug|Any CPU
		{75F90568-758D-4779-BDAB-ED1C3E3E9161}.Debug|ARM.Build.0 = Debug|Any CPU
		{75F90568-758D-4779-BDAB-ED1C3E3E9161}.Debug|ARM64.ActiveCfg = Debug|Any CPU
		{75F90568-758D-4779-BDAB-ED1C3E3E9161}.Debug|ARM64.Build.0 = Debug|Any CPU
		{75F90568-758D-4779-BDAB-ED1C3E3E9161}.Debug|x64.ActiveCfg = Debug|Any CPU
		{75F90568-758D-4779-BDAB-ED1C3E3E9161}.Debug|x64.Build.0 = Debug|Any CPU
		{75F90568-758D-4779-BDAB-ED1C3E3E9161}.Debug|x86.ActiveCfg = Debug|Any CPU
		{75F90568-758D-4779-BDAB-ED1C3E3E9161}.Debug|x86.Build.0 = Debug|Any CPU
		{75F90568-758D-4779-BDAB-ED1C3E3E9161}.Release|Any CPU.ActiveCfg = Release|Any CPU
		{75F90568-758D-4779-BDAB-ED1C3E3E9161}.Release|Any CPU.Build.0 = Release|Any CPU
		{75F90568-758D-4779-BDAB-ED1C3E3E9161}.Release|ARM.ActiveCfg = Release|Any CPU
		{75F90568-758D-4779-BDAB-ED1C3E3E9161}.Release|ARM.Build.0 = Release|Any CPU
		{75F90568-758D-4779-BDAB-ED1C3E3E9161}.Release|ARM64.ActiveCfg = Release|Any CPU
		{75F90568-758D-4779-BDAB-ED1C3E3E9161}.Release|ARM64.Build.0 = Release|Any CPU
		{75F90568-758D-4779-BDAB-ED1C3E3E9161}.Release|x64.ActiveCfg = Release|Any CPU
		{75F90568-758D-4779-BDAB-ED1C3E3E9161}.Release|x64.Build.0 = Release|Any CPU
		{75F90568-758D-4779-BDAB-ED1C3E3E9161}.Release|x86.ActiveCfg = Release|Any CPU
		{75F90568-758D-4779-BDAB-ED1C3E3E9161}.Release|x86.Build.0 = Release|Any CPU
		{A9AA7335-4030-40DC-B2B8-3EA813D9C566}.Debug|Any CPU.ActiveCfg = Debug|Any CPU
		{A9AA7335-4030-40DC-B2B8-3EA813D9C566}.Debug|Any CPU.Build.0 = Debug|Any CPU
		{A9AA7335-4030-40DC-B2B8-3EA813D9C566}.Debug|ARM.ActiveCfg = Debug|Any CPU
		{A9AA7335-4030-40DC-B2B8-3EA813D9C566}.Debug|ARM.Build.0 = Debug|Any CPU
		{A9AA7335-4030-40DC-B2B8-3EA813D9C566}.Debug|ARM64.ActiveCfg = Debug|Any CPU
		{A9AA7335-4030-40DC-B2B8-3EA813D9C566}.Debug|ARM64.Build.0 = Debug|Any CPU
		{A9AA7335-4030-40DC-B2B8-3EA813D9C566}.Debug|x64.ActiveCfg = Debug|Any CPU
		{A9AA7335-4030-40DC-B2B8-3EA813D9C566}.Debug|x64.Build.0 = Debug|Any CPU
		{A9AA7335-4030-40DC-B2B8-3EA813D9C566}.Debug|x86.ActiveCfg = Debug|Any CPU
		{A9AA7335-4030-40DC-B2B8-3EA813D9C566}.Debug|x86.Build.0 = Debug|Any CPU
		{A9AA7335-4030-40DC-B2B8-3EA813D9C566}.Release|Any CPU.ActiveCfg = Release|Any CPU
		{A9AA7335-4030-40DC-B2B8-3EA813D9C566}.Release|Any CPU.Build.0 = Release|Any CPU
		{A9AA7335-4030-40DC-B2B8-3EA813D9C566}.Release|ARM.ActiveCfg = Release|Any CPU
		{A9AA7335-4030-40DC-B2B8-3EA813D9C566}.Release|ARM.Build.0 = Release|Any CPU
		{A9AA7335-4030-40DC-B2B8-3EA813D9C566}.Release|ARM64.ActiveCfg = Release|Any CPU
		{A9AA7335-4030-40DC-B2B8-3EA813D9C566}.Release|ARM64.Build.0 = Release|Any CPU
		{A9AA7335-4030-40DC-B2B8-3EA813D9C566}.Release|x64.ActiveCfg = Release|Any CPU
		{A9AA7335-4030-40DC-B2B8-3EA813D9C566}.Release|x64.Build.0 = Release|Any CPU
		{A9AA7335-4030-40DC-B2B8-3EA813D9C566}.Release|x86.ActiveCfg = Release|Any CPU
		{A9AA7335-4030-40DC-B2B8-3EA813D9C566}.Release|x86.Build.0 = Release|Any CPU
		{A6796911-9426-4FFB-AF33-C244F6D54143}.Debug|Any CPU.ActiveCfg = Debug|Any CPU
		{A6796911-9426-4FFB-AF33-C244F6D54143}.Debug|Any CPU.Build.0 = Debug|Any CPU
		{A6796911-9426-4FFB-AF33-C244F6D54143}.Debug|ARM.ActiveCfg = Debug|Any CPU
		{A6796911-9426-4FFB-AF33-C244F6D54143}.Debug|ARM.Build.0 = Debug|Any CPU
		{A6796911-9426-4FFB-AF33-C244F6D54143}.Debug|ARM64.ActiveCfg = Debug|Any CPU
		{A6796911-9426-4FFB-AF33-C244F6D54143}.Debug|ARM64.Build.0 = Debug|Any CPU
		{A6796911-9426-4FFB-AF33-C244F6D54143}.Debug|x64.ActiveCfg = Debug|Any CPU
		{A6796911-9426-4FFB-AF33-C244F6D54143}.Debug|x64.Build.0 = Debug|Any CPU
		{A6796911-9426-4FFB-AF33-C244F6D54143}.Debug|x86.ActiveCfg = Debug|Any CPU
		{A6796911-9426-4FFB-AF33-C244F6D54143}.Debug|x86.Build.0 = Debug|Any CPU
		{A6796911-9426-4FFB-AF33-C244F6D54143}.Release|Any CPU.ActiveCfg = Release|Any CPU
		{A6796911-9426-4FFB-AF33-C244F6D54143}.Release|Any CPU.Build.0 = Release|Any CPU
		{A6796911-9426-4FFB-AF33-C244F6D54143}.Release|ARM.ActiveCfg = Release|Any CPU
		{A6796911-9426-4FFB-AF33-C244F6D54143}.Release|ARM.Build.0 = Release|Any CPU
		{A6796911-9426-4FFB-AF33-C244F6D54143}.Release|ARM64.ActiveCfg = Release|Any CPU
		{A6796911-9426-4FFB-AF33-C244F6D54143}.Release|ARM64.Build.0 = Release|Any CPU
		{A6796911-9426-4FFB-AF33-C244F6D54143}.Release|x64.ActiveCfg = Release|Any CPU
		{A6796911-9426-4FFB-AF33-C244F6D54143}.Release|x64.Build.0 = Release|Any CPU
		{A6796911-9426-4FFB-AF33-C244F6D54143}.Release|x86.ActiveCfg = Release|Any CPU
		{A6796911-9426-4FFB-AF33-C244F6D54143}.Release|x86.Build.0 = Release|Any CPU
	EndGlobalSection
	GlobalSection(SolutionProperties) = preSolution
		HideSolutionNode = FALSE
	EndGlobalSection
	GlobalSection(ExtensibilityGlobals) = postSolution
		SolutionGuid = {54E60D67-7D67-4D16-8B67-124982105A81}
	EndGlobalSection
EndGlobal
