
Microsoft Visual Studio Solution File, Format Version 12.00
# Visual Studio Version 16
VisualStudioVersion = 16.0.32407.337
MinimumVisualStudioVersion = 10.0.40219.1
Project("{FAE04EC0-301F-11D3-BF4B-00C04F79EFBC}") = "IPCONFIG", "IPCONFIG\IPCONFIG.csproj", "{97B7E708-4AD0-4B5D-9D0C-1468857A1C01}"
EndProject
Project("{FAE04EC0-301F-11D3-BF4B-00C04F79EFBC}") = "Updater", "Updater\Updater.csproj", "{A9AA7335-4030-40DC-B2B8-3EA813D9C566}"
EndProject
Project("{FAE04EC0-301F-11D3-BF4B-00C04F79EFBC}") = "IPCONFIG.Model", "IPCONFIG.Model\IPCONFIG.Model.csproj", "{59EA16F6-4844-4DE2-B2D0-C0C50D238748}"
EndProject
Project("{FAE04EC0-301F-11D3-BF4B-00C04F79EFBC}") = "IPCONFIG.DataAccess", "IPCONFIG.DataAccess\IPCONFIG.DataAccess.csproj", "{6E2AB689-A2E8-4466-8A2D-71F7FBBE249B}"
EndProject
Global
	GlobalSection(SolutionConfigurationPlatforms) = preSolution
		Debug|Any CPU = Debug|Any CPU
		Release|Any CPU = Release|Any CPU
	EndGlobalSection
	GlobalSection(ProjectConfigurationPlatforms) = postSolution
		{97B7E708-4AD0-4B5D-9D0C-1468857A1C01}.Debug|Any CPU.ActiveCfg = Debug|Any CPU
		{97B7E708-4AD0-4B5D-9D0C-1468857A1C01}.Debug|Any CPU.Build.0 = Debug|Any CPU
		{97B7E708-4AD0-4B5D-9D0C-1468857A1C01}.Release|Any CPU.ActiveCfg = Release|Any CPU
		{97B7E708-4AD0-4B5D-9D0C-1468857A1C01}.Release|Any CPU.Build.0 = Release|Any CPU
		{A9AA7335-4030-40DC-B2B8-3EA813D9C566}.Debug|Any CPU.ActiveCfg = Debug|Any CPU
		{A9AA7335-4030-40DC-B2B8-3EA813D9C566}.Debug|Any CPU.Build.0 = Debug|Any CPU
		{A9AA7335-4030-40DC-B2B8-3EA813D9C566}.Release|Any CPU.ActiveCfg = Release|Any CPU
		{A9AA7335-4030-40DC-B2B8-3EA813D9C566}.Release|Any CPU.Build.0 = Release|Any CPU
		{59EA16F6-4844-4DE2-B2D0-C0C50D238748}.Debug|Any CPU.ActiveCfg = Debug|Any CPU
		{59EA16F6-4844-4DE2-B2D0-C0C50D238748}.Debug|Any CPU.Build.0 = Debug|Any CPU
		{59EA16F6-4844-4DE2-B2D0-C0C50D238748}.Release|Any CPU.ActiveCfg = Release|Any CPU
		{59EA16F6-4844-4DE2-B2D0-C0C50D238748}.Release|Any CPU.Build.0 = Release|Any CPU
		{6E2AB689-A2E8-4466-8A2D-71F7FBBE249B}.Debug|Any CPU.ActiveCfg = Debug|Any CPU
		{6E2AB689-A2E8-4466-8A2D-71F7FBBE249B}.Debug|Any CPU.Build.0 = Debug|Any CPU
		{6E2AB689-A2E8-4466-8A2D-71F7FBBE249B}.Release|Any CPU.ActiveCfg = Release|Any CPU
		{6E2AB689-A2E8-4466-8A2D-71F7FBBE249B}.Release|Any CPU.Build.0 = Release|Any CPU
	EndGlobalSection
	GlobalSection(SolutionProperties) = preSolution
		HideSolutionNode = FALSE
	EndGlobalSection
	GlobalSection(ExtensibilityGlobals) = postSolution
		SolutionGuid = {6F490716-A269-4846-8982-AE8263041BF3}
	EndGlobalSection
EndGlobal
