
Microsoft Visual Studio Solution File, Format Version 12.00
# Visual Studio Version 17
VisualStudioVersion = 17.1.32407.343
MinimumVisualStudioVersion = 10.0.40219.1
Project("{9A19103F-16F7-4668-BE54-9A1E7A4F7556}") = "HmiPublisher.Model", "HmiPublisher.Model\HmiPublisher.Model.csproj", "{75F90568-758D-4779-BDAB-ED1C3E3E9161}"
EndProject
Project("{9A19103F-16F7-4668-BE54-9A1E7A4F7556}") = "HmiPublisher.DataAccess", "HmiPublisher.DataAccess\HmiPublisher.DataAccess.csproj", "{68AA3DAF-5E4B-4338-ABE8-78B7F74BAC4F}"
EndProject
Project("{9A19103F-16F7-4668-BE54-9A1E7A4F7556}") = "HmiPublisherServer", "HmiPublisherServer\HmiPublisherServer.csproj", "{55CA42A0-3536-40DF-94DE-3DB23D95AF25}"
EndProject
Project("{9A19103F-16F7-4668-BE54-9A1E7A4F7556}") = "HmiPublisherTcpServer", "HmiPublisherTcpServer\HmiPublisherTcpServer.csproj", "{9908198A-2EDC-40FA-8732-0AAF5FBBF7E8}"
EndProject
Project("{9A19103F-16F7-4668-BE54-9A1E7A4F7556}") = "HmiPublisher", "HmiPublisher\HmiPublisher.csproj", "{E25C55B3-BE84-4050-B465-11ED0C361F6C}"
EndProject
Project("{9A19103F-16F7-4668-BE54-9A1E7A4F7556}") = "Updater", "Updater\Updater.csproj", "{AFA83613-8762-4CDD-B753-D77E37F2688F}"
EndProject
Global
	GlobalSection(SolutionConfigurationPlatforms) = preSolution
		Debug|Any CPU = Debug|Any CPU
		Release|Any CPU = Release|Any CPU
	EndGlobalSection
	GlobalSection(ProjectConfigurationPlatforms) = postSolution
		{75F90568-758D-4779-BDAB-ED1C3E3E9161}.Debug|Any CPU.ActiveCfg = Debug|Any CPU
		{75F90568-758D-4779-BDAB-ED1C3E3E9161}.Debug|Any CPU.Build.0 = Debug|Any CPU
		{75F90568-758D-4779-BDAB-ED1C3E3E9161}.Release|Any CPU.ActiveCfg = Release|Any CPU
		{75F90568-758D-4779-BDAB-ED1C3E3E9161}.Release|Any CPU.Build.0 = Release|Any CPU
		{68AA3DAF-5E4B-4338-ABE8-78B7F74BAC4F}.Debug|Any CPU.ActiveCfg = Debug|Any CPU
		{68AA3DAF-5E4B-4338-ABE8-78B7F74BAC4F}.Debug|Any CPU.Build.0 = Debug|Any CPU
		{68AA3DAF-5E4B-4338-ABE8-78B7F74BAC4F}.Release|Any CPU.ActiveCfg = Release|Any CPU
		{68AA3DAF-5E4B-4338-ABE8-78B7F74BAC4F}.Release|Any CPU.Build.0 = Release|Any CPU
		{55CA42A0-3536-40DF-94DE-3DB23D95AF25}.Debug|Any CPU.ActiveCfg = Debug|Any CPU
		{55CA42A0-3536-40DF-94DE-3DB23D95AF25}.Debug|Any CPU.Build.0 = Debug|Any CPU
		{55CA42A0-3536-40DF-94DE-3DB23D95AF25}.Release|Any CPU.ActiveCfg = Release|Any CPU
		{55CA42A0-3536-40DF-94DE-3DB23D95AF25}.Release|Any CPU.Build.0 = Release|Any CPU
		{9908198A-2EDC-40FA-8732-0AAF5FBBF7E8}.Debug|Any CPU.ActiveCfg = Debug|Any CPU
		{9908198A-2EDC-40FA-8732-0AAF5FBBF7E8}.Debug|Any CPU.Build.0 = Debug|Any CPU
		{9908198A-2EDC-40FA-8732-0AAF5FBBF7E8}.Release|Any CPU.ActiveCfg = Release|Any CPU
		{9908198A-2EDC-40FA-8732-0AAF5FBBF7E8}.Release|Any CPU.Build.0 = Release|Any CPU
		{E25C55B3-BE84-4050-B465-11ED0C361F6C}.Debug|Any CPU.ActiveCfg = Debug|Any CPU
		{E25C55B3-BE84-4050-B465-11ED0C361F6C}.Debug|Any CPU.Build.0 = Debug|Any CPU
		{E25C55B3-BE84-4050-B465-11ED0C361F6C}.Release|Any CPU.ActiveCfg = Release|Any CPU
		{E25C55B3-BE84-4050-B465-11ED0C361F6C}.Release|Any CPU.Build.0 = Release|Any CPU
		{AFA83613-8762-4CDD-B753-D77E37F2688F}.Debug|Any CPU.ActiveCfg = Debug|Any CPU
		{AFA83613-8762-4CDD-B753-D77E37F2688F}.Debug|Any CPU.Build.0 = Debug|Any CPU
		{AFA83613-8762-4CDD-B753-D77E37F2688F}.Release|Any CPU.ActiveCfg = Release|Any CPU
		{AFA83613-8762-4CDD-B753-D77E37F2688F}.Release|Any CPU.Build.0 = Release|Any CPU
	EndGlobalSection
	GlobalSection(SolutionProperties) = preSolution
		HideSolutionNode = FALSE
	EndGlobalSection
	GlobalSection(ExtensibilityGlobals) = postSolution
		SolutionGuid = {F2A54DE1-FBEB-49CE-AD77-9256B40AC589}
	EndGlobalSection
EndGlobal
