
Microsoft Visual Studio Solution File, Format Version 12.00
# Visual Studio Version 17
VisualStudioVersion = 17.1.32407.343
MinimumVisualStudioVersion = 10.0.40219.1
Project("{9A19103F-16F7-4668-BE54-9A1E7A4F7556}") = "QuickConnect", "TeamViewerQuickConnect\QuickConnect.csproj", "{6B00FA0F-BBBB-4BE9-ADDE-29691A9849EC}"
EndProject
Project("{9A19103F-16F7-4668-BE54-9A1E7A4F7556}") = "QuickConnect.Data", "TeamViewerQuickConnect.DataAccess\QuickConnect.Data.csproj", "{D7780519-7C61-4D6F-B1A2-8E901224884A}"
EndProject
Project("{9A19103F-16F7-4668-BE54-9A1E7A4F7556}") = "Updater", "Updater\Updater.csproj", "{FAE7B0D7-36FB-4530-A190-A95780BD430A}"
EndProject
Global
	GlobalSection(SolutionConfigurationPlatforms) = preSolution
		Debug|Any CPU = Debug|Any CPU
		Release|Any CPU = Release|Any CPU
	EndGlobalSection
	GlobalSection(ProjectConfigurationPlatforms) = postSolution
		{6B00FA0F-BBBB-4BE9-ADDE-29691A9849EC}.Debug|Any CPU.ActiveCfg = Debug|Any CPU
		{6B00FA0F-BBBB-4BE9-ADDE-29691A9849EC}.Debug|Any CPU.Build.0 = Debug|Any CPU
		{6B00FA0F-BBBB-4BE9-ADDE-29691A9849EC}.Release|Any CPU.ActiveCfg = Release|Any CPU
		{6B00FA0F-BBBB-4BE9-ADDE-29691A9849EC}.Release|Any CPU.Build.0 = Release|Any CPU
		{D7780519-7C61-4D6F-B1A2-8E901224884A}.Debug|Any CPU.ActiveCfg = Debug|Any CPU
		{D7780519-7C61-4D6F-B1A2-8E901224884A}.Debug|Any CPU.Build.0 = Debug|Any CPU
		{D7780519-7C61-4D6F-B1A2-8E901224884A}.Release|Any CPU.ActiveCfg = Release|Any CPU
		{D7780519-7C61-4D6F-B1A2-8E901224884A}.Release|Any CPU.Build.0 = Release|Any CPU
		{FAE7B0D7-36FB-4530-A190-A95780BD430A}.Debug|Any CPU.ActiveCfg = Debug|Any CPU
		{FAE7B0D7-36FB-4530-A190-A95780BD430A}.Debug|Any CPU.Build.0 = Debug|Any CPU
		{FAE7B0D7-36FB-4530-A190-A95780BD430A}.Release|Any CPU.ActiveCfg = Release|Any CPU
		{FAE7B0D7-36FB-4530-A190-A95780BD430A}.Release|Any CPU.Build.0 = Release|Any CPU
	EndGlobalSection
	GlobalSection(SolutionProperties) = preSolution
		HideSolutionNode = FALSE
	EndGlobalSection
	GlobalSection(ExtensibilityGlobals) = postSolution
		SolutionGuid = {6F490716-A269-4846-8982-AE8263041BF3}
	EndGlobalSection
EndGlobal
